// !$*UTF8*$!
{
	archiveVersion = 1;
	classes = {
	};
	objectVersion = 46;
	objects = {

/* Begin PBXBuildFile section */
		4B631EC41B6134C800046EE7 /* AppDelegate.swift in Sources */ = {isa = PBXBuildFile; fileRef = 4B631EC31B6134C800046EE7 /* AppDelegate.swift */; };
		4B631EC61B6134C800046EE7 /* InitialVC.swift in Sources */ = {isa = PBXBuildFile; fileRef = 4B631EC51B6134C800046EE7 /* InitialVC.swift */; };
		4B631EC91B6134C800046EE7 /* Main.storyboard in Resources */ = {isa = PBXBuildFile; fileRef = 4B631EC71B6134C800046EE7 /* Main.storyboard */; };
		4B631ECB1B6134C900046EE7 /* Images.xcassets in Resources */ = {isa = PBXBuildFile; fileRef = 4B631ECA1B6134C900046EE7 /* Images.xcassets */; };
		4B631ECE1B6134C900046EE7 /* LaunchScreen.xib in Resources */ = {isa = PBXBuildFile; fileRef = 4B631ECC1B6134C900046EE7 /* LaunchScreen.xib */; };
		4B631EDA1B6134C900046EE7 /* Web_Contacts_with_SwiftTests.swift in Sources */ = {isa = PBXBuildFile; fileRef = 4B631ED91B6134C900046EE7 /* Web_Contacts_with_SwiftTests.swift */; };
		4B631EE61B61409600046EE7 /* ContactDetailVC.swift in Sources */ = {isa = PBXBuildFile; fileRef = 4B631EE51B61409600046EE7 /* ContactDetailVC.swift */; };
		4B631EE81B6140B500046EE7 /* ContactsVC.swift in Sources */ = {isa = PBXBuildFile; fileRef = 4B631EE71B6140B500046EE7 /* ContactsVC.swift */; };
		4B631EEA1B61410B00046EE7 /* Contact.swift in Sources */ = {isa = PBXBuildFile; fileRef = 4B631EE91B61410B00046EE7 /* Contact.swift */; };
		4B631EEC1B61412300046EE7 /* ContactsBook.swift in Sources */ = {isa = PBXBuildFile; fileRef = 4B631EEB1B61412300046EE7 /* ContactsBook.swift */; };
		4B631EF11B61431800046EE7 /* ContactsRetriver.swift in Sources */ = {isa = PBXBuildFile; fileRef = 4B631EF01B61431800046EE7 /* ContactsRetriver.swift */; };
		4B9C7DD41B620DFE003547B2 /* TabVC.swift in Sources */ = {isa = PBXBuildFile; fileRef = 4B9C7DD31B620DFE003547B2 /* TabVC.swift */; };
		4B9C7DD61B6219B0003547B2 /* SearchVC.swift in Sources */ = {isa = PBXBuildFile; fileRef = 4B9C7DD51B6219B0003547B2 /* SearchVC.swift */; };
/* End PBXBuildFile section */

/* Begin PBXContainerItemProxy section */
		4B631ED41B6134C900046EE7 /* PBXContainerItemProxy */ = {
			isa = PBXContainerItemProxy;
			containerPortal = 4B631EB61B6134C800046EE7 /* Project object */;
			proxyType = 1;
			remoteGlobalIDString = 4B631EBD1B6134C800046EE7;
			remoteInfo = "Web Contacts with Swift";
		};
/* End PBXContainerItemProxy section */

/* Begin PBXFileReference section */
		4B631EBE1B6134C800046EE7 /* Web Contacts with Swift.app */ = {isa = PBXFileReference; explicitFileType = wrapper.application; includeInIndex = 0; path = "Web Contacts with Swift.app"; sourceTree = BUILT_PRODUCTS_DIR; };
		4B631EC21B6134C800046EE7 /* Info.plist */ = {isa = PBXFileReference; lastKnownFileType = text.plist.xml; path = Info.plist; sourceTree = "<group>"; };
		4B631EC31B6134C800046EE7 /* AppDelegate.swift */ = {isa = PBXFileReference; lastKnownFileType = sourcecode.swift; path = AppDelegate.swift; sourceTree = "<group>"; };
		4B631EC51B6134C800046EE7 /* InitialVC.swift */ = {isa = PBXFileReference; lastKnownFileType = sourcecode.swift; path = InitialVC.swift; sourceTree = "<group>"; };
		4B631EC81B6134C800046EE7 /* Base */ = {isa = PBXFileReference; lastKnownFileType = file.storyboard; name = Base; path = Base.lproj/Main.storyboard; sourceTree = "<group>"; };
		4B631ECA1B6134C900046EE7 /* Images.xcassets */ = {isa = PBXFileReference; lastKnownFileType = folder.assetcatalog; path = Images.xcassets; sourceTree = "<group>"; };
		4B631ECD1B6134C900046EE7 /* Base */ = {isa = PBXFileReference; lastKnownFileType = file.xib; name = Base; path = Base.lproj/LaunchScreen.xib; sourceTree = "<group>"; };
		4B631ED31B6134C900046EE7 /* Web Contacts with SwiftTests.xctest */ = {isa = PBXFileReference; explicitFileType = wrapper.cfbundle; includeInIndex = 0; path = "Web Contacts with SwiftTests.xctest"; sourceTree = BUILT_PRODUCTS_DIR; };
		4B631ED81B6134C900046EE7 /* Info.plist */ = {isa = PBXFileReference; lastKnownFileType = text.plist.xml; path = Info.plist; sourceTree = "<group>"; };
		4B631ED91B6134C900046EE7 /* Web_Contacts_with_SwiftTests.swift */ = {isa = PBXFileReference; lastKnownFileType = sourcecode.swift; path = Web_Contacts_with_SwiftTests.swift; sourceTree = "<group>"; };
		4B631EE51B61409600046EE7 /* ContactDetailVC.swift */ = {isa = PBXFileReference; fileEncoding = 4; lastKnownFileType = sourcecode.swift; path = ContactDetailVC.swift; sourceTree = "<group>"; };
		4B631EE71B6140B500046EE7 /* ContactsVC.swift */ = {isa = PBXFileReference; fileEncoding = 4; lastKnownFileType = sourcecode.swift; path = ContactsVC.swift; sourceTree = "<group>"; };
		4B631EE91B61410B00046EE7 /* Contact.swift */ = {isa = PBXFileReference; fileEncoding = 4; lastKnownFileType = sourcecode.swift; path = Contact.swift; sourceTree = "<group>"; };
		4B631EEB1B61412300046EE7 /* ContactsBook.swift */ = {isa = PBXFileReference; fileEncoding = 4; lastKnownFileType = sourcecode.swift; path = ContactsBook.swift; sourceTree = "<group>"; };
		4B631EF01B61431800046EE7 /* ContactsRetriver.swift */ = {isa = PBXFileReference; fileEncoding = 4; lastKnownFileType = sourcecode.swift; path = ContactsRetriver.swift; sourceTree = "<group>"; };
		4B9C7DD31B620DFE003547B2 /* TabVC.swift */ = {isa = PBXFileReference; fileEncoding = 4; lastKnownFileType = sourcecode.swift; path = TabVC.swift; sourceTree = "<group>"; };
		4B9C7DD51B6219B0003547B2 /* SearchVC.swift */ = {isa = PBXFileReference; fileEncoding = 4; lastKnownFileType = sourcecode.swift; path = SearchVC.swift; sourceTree = "<group>"; };
/* End PBXFileReference section */

/* Begin PBXFrameworksBuildPhase section */
		4B631EBB1B6134C800046EE7 /* Frameworks */ = {
			isa = PBXFrameworksBuildPhase;
			buildActionMask = 2147483647;
			files = (
			);
			runOnlyForDeploymentPostprocessing = 0;
		};
		4B631ED01B6134C900046EE7 /* Frameworks */ = {
			isa = PBXFrameworksBuildPhase;
			buildActionMask = 2147483647;
			files = (
			);
			runOnlyForDeploymentPostprocessing = 0;
		};
/* End PBXFrameworksBuildPhase section */

/* Begin PBXGroup section */
		4B631EB51B6134C800046EE7 = {
			isa = PBXGroup;
			children = (
				4B631EC01B6134C800046EE7 /* Web Contacts with Swift */,
				4B631ED61B6134C900046EE7 /* Web Contacts with SwiftTests */,
				4B631EBF1B6134C800046EE7 /* Products */,
			);
			sourceTree = "<group>";
		};
		4B631EBF1B6134C800046EE7 /* Products */ = {
			isa = PBXGroup;
			children = (
				4B631EBE1B6134C800046EE7 /* Web Contacts with Swift.app */,
				4B631ED31B6134C900046EE7 /* Web Contacts with SwiftTests.xctest */,
			);
			name = Products;
			sourceTree = "<group>";
		};
		4B631EC01B6134C800046EE7 /* Web Contacts with Swift */ = {
			isa = PBXGroup;
			children = (
				4B631EC31B6134C800046EE7 /* AppDelegate.swift */,
				4B631EED1B61412B00046EE7 /* Model */,
				4B631EE31B613EF000046EE7 /* View */,
				4B631EE41B613EF600046EE7 /* Controller */,
				4B631ECA1B6134C900046EE7 /* Images.xcassets */,
				4B631ECC1B6134C900046EE7 /* LaunchScreen.xib */,
				4B631EC11B6134C800046EE7 /* Supporting Files */,
			);
			path = "Web Contacts with Swift";
			sourceTree = "<group>";
		};
		4B631EC11B6134C800046EE7 /* Supporting Files */ = {
			isa = PBXGroup;
			children = (
				4B631EC21B6134C800046EE7 /* Info.plist */,
			);
			name = "Supporting Files";
			sourceTree = "<group>";
		};
		4B631ED61B6134C900046EE7 /* Web Contacts with SwiftTests */ = {
			isa = PBXGroup;
			children = (
				4B631ED91B6134C900046EE7 /* Web_Contacts_with_SwiftTests.swift */,
				4B631ED71B6134C900046EE7 /* Supporting Files */,
			);
			path = "Web Contacts with SwiftTests";
			sourceTree = "<group>";
		};
		4B631ED71B6134C900046EE7 /* Supporting Files */ = {
			isa = PBXGroup;
			children = (
				4B631ED81B6134C900046EE7 /* Info.plist */,
			);
			name = "Supporting Files";
			sourceTree = "<group>";
		};
		4B631EE31B613EF000046EE7 /* View */ = {
			isa = PBXGroup;
			children = (
				4B631EC71B6134C800046EE7 /* Main.storyboard */,
			);
			name = View;
			sourceTree = "<group>";
		};
		4B631EE41B613EF600046EE7 /* Controller */ = {
			isa = PBXGroup;
			children = (
				4B631EF01B61431800046EE7 /* ContactsRetriver.swift */,
				4B631EC51B6134C800046EE7 /* InitialVC.swift */,
				4B9C7DD31B620DFE003547B2 /* TabVC.swift */,
				4B9C7DD51B6219B0003547B2 /* SearchVC.swift */,
				4B631EE71B6140B500046EE7 /* ContactsVC.swift */,
				4B631EE51B61409600046EE7 /* ContactDetailVC.swift */,
			);
			name = Controller;
			sourceTree = "<group>";
		};
		4B631EED1B61412B00046EE7 /* Model */ = {
			isa = PBXGroup;
			children = (
				4B631EE91B61410B00046EE7 /* Contact.swift */,
				4B631EEB1B61412300046EE7 /* ContactsBook.swift */,
			);
			name = Model;
			sourceTree = "<group>";
		};
/* End PBXGroup section */

/* Begin PBXNativeTarget section */
		4B631EBD1B6134C800046EE7 /* Web Contacts with Swift */ = {
			isa = PBXNativeTarget;
			buildConfigurationList = 4B631EDD1B6134C900046EE7 /* Build configuration list for PBXNativeTarget "Web Contacts with Swift" */;
			buildPhases = (
				4B631EBA1B6134C800046EE7 /* Sources */,
				4B631EBB1B6134C800046EE7 /* Frameworks */,
				4B631EBC1B6134C800046EE7 /* Resources */,
			);
			buildRules = (
			);
			dependencies = (
			);
			name = "Web Contacts with Swift";
			productName = "Web Contacts with Swift";
			productReference = 4B631EBE1B6134C800046EE7 /* Web Contacts with Swift.app */;
			productType = "com.apple.product-type.application";
		};
		4B631ED21B6134C900046EE7 /* Web Contacts with SwiftTests */ = {
			isa = PBXNativeTarget;
			buildConfigurationList = 4B631EE01B6134C900046EE7 /* Build configuration list for PBXNativeTarget "Web Contacts with SwiftTests" */;
			buildPhases = (
				4B631ECF1B6134C900046EE7 /* Sources */,
				4B631ED01B6134C900046EE7 /* Frameworks */,
				4B631ED11B6134C900046EE7 /* Resources */,
			);
			buildRules = (
			);
			dependencies = (
				4B631ED51B6134C900046EE7 /* PBXTargetDependency */,
			);
			name = "Web Contacts with SwiftTests";
			productName = "Web Contacts with SwiftTests";
			productReference = 4B631ED31B6134C900046EE7 /* Web Contacts with SwiftTests.xctest */;
			productType = "com.apple.product-type.bundle.unit-test";
		};
/* End PBXNativeTarget section */

/* Begin PBXProject section */
		4B631EB61B6134C800046EE7 /* Project object */ = {
			isa = PBXProject;
			attributes = {
				LastUpgradeCheck = 0640;
				ORGANIZATIONNAME = "mohcine ";
				TargetAttributes = {
					4B631EBD1B6134C800046EE7 = {
						CreatedOnToolsVersion = 6.4;
					};
					4B631ED21B6134C900046EE7 = {
						CreatedOnToolsVersion = 6.4;
						TestTargetID = 4B631EBD1B6134C800046EE7;
					};
				};
			};
			buildConfigurationList = 4B631EB91B6134C800046EE7 /* Build configuration list for PBXProject "Web Contacts with Swift" */;
			compatibilityVersion = "Xcode 3.2";
			developmentRegion = English;
			hasScannedForEncodings = 0;
			knownRegions = (
				en,
				Base,
			);
			mainGroup = 4B631EB51B6134C800046EE7;
			productRefGroup = 4B631EBF1B6134C800046EE7 /* Products */;
			projectDirPath = "";
			projectRoot = "";
			targets = (
				4B631EBD1B6134C800046EE7 /* Web Contacts with Swift */,
				4B631ED21B6134C900046EE7 /* Web Contacts with SwiftTests */,
			);
		};
/* End PBXProject section */

/* Begin PBXResourcesBuildPhase section */
		4B631EBC1B6134C800046EE7 /* Resources */ = {
			isa = PBXResourcesBuildPhase;
			buildActionMask = 2147483647;
			files = (
				4B631EC91B6134C800046EE7 /* Main.storyboard in Resources */,
				4B631ECE1B6134C900046EE7 /* LaunchScreen.xib in Resources */,
				4B631ECB1B6134C900046EE7 /* Images.xcassets in Resources */,
			);
			runOnlyForDeploymentPostprocessing = 0;
		};
		4B631ED11B6134C900046EE7 /* Resources */ = {
			isa = PBXResourcesBuildPhase;
			buildActionMask = 2147483647;
			files = (
			);
			runOnlyForDeploymentPostprocessing = 0;
		};
/* End PBXResourcesBuildPhase section */

/* Begin PBXSourcesBuildPhase section */
		4B631EBA1B6134C800046EE7 /* Sources */ = {
			isa = PBXSourcesBuildPhase;
			buildActionMask = 2147483647;
			files = (
				4B631EC61B6134C800046EE7 /* InitialVC.swift in Sources */,
				4B631EF11B61431800046EE7 /* ContactsRetriver.swift in Sources */,
				4B631EC41B6134C800046EE7 /* AppDelegate.swift in Sources */,
				4B9C7DD61B6219B0003547B2 /* SearchVC.swift in Sources */,
				4B631EE61B61409600046EE7 /* ContactDetailVC.swift in Sources */,
				4B631EE81B6140B500046EE7 /* ContactsVC.swift in Sources */,
				4B631EEA1B61410B00046EE7 /* Contact.swift in Sources */,
				4B9C7DD41B620DFE003547B2 /* TabVC.swift in Sources */,
				4B631EEC1B61412300046EE7 /* ContactsBook.swift in Sources */,
			);
			runOnlyForDeploymentPostprocessing = 0;
		};
		4B631ECF1B6134C900046EE7 /* Sources */ = {
			isa = PBXSourcesBuildPhase;
			buildActionMask = 2147483647;
			files = (
				4B631EDA1B6134C900046EE7 /* Web_Contacts_with_SwiftTests.swift in Sources */,
			);
			runOnlyForDeploymentPostprocessing = 0;
		};
/* End PBXSourcesBuildPhase section */

/* Begin PBXTargetDependency section */
		4B631ED51B6134C900046EE7 /* PBXTargetDependency */ = {
			isa = PBXTargetDependency;
			target = 4B631EBD1B6134C800046EE7 /* Web Contacts with Swift */;
			targetProxy = 4B631ED41B6134C900046EE7 /* PBXContainerItemProxy */;
		};
/* End PBXTargetDependency section */

/* Begin PBXVariantGroup section */
		4B631EC71B6134C800046EE7 /* Main.storyboard */ = {
			isa = PBXVariantGroup;
			children = (
				4B631EC81B6134C800046EE7 /* Base */,
			);
			name = Main.storyboard;
			sourceTree = "<group>";
		};
		4B631ECC1B6134C900046EE7 /* LaunchScreen.xib */ = {
			isa = PBXVariantGroup;
			children = (
				4B631ECD1B6134C900046EE7 /* Base */,
			);
			name = LaunchScreen.xib;
			sourceTree = "<group>";
		};
/* End PBXVariantGroup section */

/* Begin XCBuildConfiguration section */
		4B631EDB1B6134C900046EE7 /* Debug */ = {
			isa = XCBuildConfiguration;
			buildSettings = {
				ALWAYS_SEARCH_USER_PATHS = NO;
				CLANG_CXX_LANGUAGE_STANDARD = "gnu++0x";
				CLANG_CXX_LIBRARY = "libc++";
				CLANG_ENABLE_MODULES = YES;
				CLANG_ENABLE_OBJC_ARC = YES;
				CLANG_WARN_BOOL_CONVERSION = YES;
				CLANG_WARN_CONSTANT_CONVERSION = YES;
				CLANG_WARN_DIRECT_OBJC_ISA_USAGE = YES_ERROR;
				CLANG_WARN_EMPTY_BODY = YES;
				CLANG_WARN_ENUM_CONVERSION = YES;
				CLANG_WARN_INT_CONVERSION = YES;
				CLANG_WARN_OBJC_ROOT_CLASS = YES_ERROR;
				CLANG_WARN_UNREACHABLE_CODE = YES;
				CLANG_WARN__DUPLICATE_METHOD_MATCH = YES;
				"CODE_SIGN_IDENTITY[sdk=iphoneos*]" = "iPhone Developer";
				COPY_PHASE_STRIP = NO;
				DEBUG_INFORMATION_FORMAT = "dwarf-with-dsym";
				ENABLE_STRICT_OBJC_MSGSEND = YES;
				GCC_C_LANGUAGE_STANDARD = gnu99;
				GCC_DYNAMIC_NO_PIC = NO;
				GCC_NO_COMMON_BLOCKS = YES;
				GCC_OPTIMIZATION_LEVEL = 0;
				GCC_PREPROCESSOR_DEFINITIONS = (
					"DEBUG=1",
					"$(inherited)",
				);
				GCC_SYMBOLS_PRIVATE_EXTERN = NO;
				GCC_WARN_64_TO_32_BIT_CONVERSION = YES;
				GCC_WARN_ABOUT_RETURN_TYPE = YES_ERROR;
				GCC_WARN_UNDECLARED_SELECTOR = YES;
				GCC_WARN_UNINITIALIZED_AUTOS = YES_AGGRESSIVE;
				GCC_WARN_UNUSED_FUNCTION = YES;
				GCC_WARN_UNUSED_VARIABLE = YES;
				IPHONEOS_DEPLOYMENT_TARGET = 8.4;
				MTL_ENABLE_DEBUG_INFO = YES;
				ONLY_ACTIVE_ARCH = YES;
				SDKROOT = iphoneos;
				SWIFT_OPTIMIZATION_LEVEL = "-Onone";
			};
			name = Debug;
		};
		4B631EDC1B6134C900046EE7 /* Release */ = {
			isa = XCBuildConfiguration;
			buildSettings = {
				ALWAYS_SEARCH_USER_PATHS = NO;
				CLANG_CXX_LANGUAGE_STANDARD = "gnu++0x";
				CLANG_CXX_LIBRARY = "libc++";
				CLANG_ENABLE_MODULES = YES;
				CLANG_ENABLE_OBJC_ARC = YES;
				CLANG_WARN_BOOL_CONVERSION = YES;
				CLANG_WARN_CONSTANT_CONVERSION = YES;
				CLANG_WARN_DIRECT_OBJC_ISA_USAGE = YES_ERROR;
				CLANG_WARN_EMPTY_BODY = YES;
				CLANG_WARN_ENUM_CONVERSION = YES;
				CLANG_WARN_INT_CONVERSION = YES;
				CLANG_WARN_OBJC_ROOT_CLASS = YES_ERROR;
				CLANG_WARN_UNREACHABLE_CODE = YES;
				CLANG_WARN__DUPLICATE_METHOD_MATCH = YES;
				"CODE_SIGN_IDENTITY[sdk=iphoneos*]" = "iPhone Developer";
				COPY_PHASE_STRIP = NO;
				DEBUG_INFORMATION_FORMAT = "dwarf-with-dsym";
				ENABLE_NS_ASSERTIONS = NO;
				ENABLE_STRICT_OBJC_MSGSEND = YES;
				GCC_C_LANGUAGE_STANDARD = gnu99;
				GCC_NO_COMMON_BLOCKS = YES;
				GCC_WARN_64_TO_32_BIT_CONVERSION = YES;
				GCC_WARN_ABOUT_RETURN_TYPE = YES_ERROR;
				GCC_WARN_UNDECLARED_SELECTOR = YES;
				GCC_WARN_UNINITIALIZED_AUTOS = YES_AGGRESSIVE;
				GCC_WARN_UNUSED_FUNCTION = YES;
				GCC_WARN_UNUSED_VARIABLE = YES;
				IPHONEOS_DEPLOYMENT_TARGET = 8.4;
				MTL_ENABLE_DEBUG_INFO = NO;
				SDKROOT = iphoneos;
				VALIDATE_PRODUCT = YES;
			};
			name = Release;
		};
		4B631EDE1B6134C900046EE7 /* Debug */ = {
			isa = XCBuildConfiguration;
			buildSettings = {
				ASSETCATALOG_COMPILER_APPICON_NAME = AppIcon;
				ASSETCATALOG_COMPILER_LAUNCHIMAGE_NAME = LaunchImage;
				INFOPLIST_FILE = "Web Contacts with Swift/Info.plist";
				IPHONEOS_DEPLOYMENT_TARGET = 8.0;
				LD_RUNPATH_SEARCH_PATHS = "$(inherited) @executable_path/Frameworks";
				PRODUCT_NAME = "$(TARGET_NAME)";
			};
			name = Debug;
		};
		4B631EDF1B6134C900046EE7 /* Release */ = {
			isa = XCBuildConfiguration;
			buildSettings = {
				ASSETCATALOG_COMPILER_APPICON_NAME = AppIcon;
				ASSETCATALOG_COMPILER_LAUNCHIMAGE_NAME = LaunchImage;
				INFOPLIST_FILE = "Web Contacts with Swift/Info.plist";
				IPHONEOS_DEPLOYMENT_TARGET = 8.0;
				LD_RUNPATH_SEARCH_PATHS = "$(inherited) @executable_path/Frameworks";
				PRODUCT_NAME = "$(TARGET_NAME)";
			};
			name = Release;
		};
		4B631EE11B6134C900046EE7 /* Debug */ = {
			isa = XCBuildConfiguration;
			buildSettings = {
				BUNDLE_LOADER = "$(TEST_HOST)";
				FRAMEWORK_SEARCH_PATHS = (
					"$(SDKROOT)/Developer/Library/Frameworks",
					"$(inherited)",
				);
				GCC_PREPROCESSOR_DEFINITIONS = (
					"DEBUG=1",
					"$(inherited)",
				);
				INFOPLIST_FILE = "Web Contacts with SwiftTests/Info.plist";
				LD_RUNPATH_SEARCH_PATHS = "$(inherited) @executable_path/Frameworks @loader_path/Frameworks";
				PRODUCT_NAME = "$(TARGET_NAME)";
				TEST_HOST = "$(BUILT_PRODUCTS_DIR)/Web Contacts with Swift.app/Web Contacts with Swift";
			};
			name = Debug;
		};
		4B631EE21B6134C900046EE7 /* Release */ = {
			isa = XCBuildConfiguration;
			buildSettings = {
				BUNDLE_LOADER = "$(TEST_HOST)";
				FRAMEWORK_SEARCH_PATHS = (
					"$(SDKROOT)/Developer/Library/Frameworks",
					"$(inherited)",
				);
				INFOPLIST_FILE = "Web Contacts with SwiftTests/Info.plist";
				LD_RUNPATH_SEARCH_PATHS = "$(inherited) @executable_path/Frameworks @loader_path/Frameworks";
				PRODUCT_NAME = "$(TARGET_NAME)";
				TEST_HOST = "$(BUILT_PRODUCTS_DIR)/Web Contacts with Swift.app/Web Contacts with Swift";
			};
			name = Release;
		};
/* End XCBuildConfiguration section */

/* Begin XCConfigurationList section */
		4B631EB91B6134C800046EE7 /* Build configuration list for PBXProject "Web Contacts with Swift" */ = {
			isa = XCConfigurationList;
			buildConfigurations = (
				4B631EDB1B6134C900046EE7 /* Debug */,
				4B631EDC1B6134C900046EE7 /* Release */,
			);
			defaultConfigurationIsVisible = 0;
			defaultConfigurationName = Release;
		};
		4B631EDD1B6134C900046EE7 /* Build configuration list for PBXNativeTarget "Web Contacts with Swift" */ = {
			isa = XCConfigurationList;
			buildConfigurations = (
				4B631EDE1B6134C900046EE7 /* Debug */,
				4B631EDF1B6134C900046EE7 /* Release */,
			);
			defaultConfigurationIsVisible = 0;
			defaultConfigurationName = Release;
		};
		4B631EE01B6134C900046EE7 /* Build configuration list for PBXNativeTarget "Web Contacts with SwiftTests" */ = {
			isa = XCConfigurationList;
			buildConfigurations = (
				4B631EE11B6134C900046EE7 /* Debug */,
				4B631EE21B6134C900046EE7 /* Release */,
			);
			defaultConfigurationIsVisible = 0;
			defaultConfigurationName = Release;
		};
/* End XCConfigurationList section */
	};
	rootObject = 4B631EB61B6134C800046EE7 /* Project object */;
}
